
Microsoft Visual Studio Solution File, Format Version 12.00
# Visual Studio 15
VisualStudioVersion = 15.0.27703.2035
MinimumVisualStudioVersion = 10.0.40219.1
Project("{9A19103F-16F7-4668-BE54-9A1E7A4F7556}") = "ChrisWood.DevTools", "ChrisWood.DevTools\ChrisWood.DevTools.csproj", "{3688C821-1F1D-4EA5-A00C-4680551C8585}"
EndProject
Project("{FAE04EC0-301F-11D3-BF4B-00C04F79EFBC}") = "ChrisWood.DevTools.Tests", "ChrisWood.DevTools.Tests\ChrisWood.DevTools.Tests.csproj", "{F9020B5E-C910-4AC4-8E3C-09DC1A2D6C02}"
EndProject
Global
	GlobalSection(SolutionConfigurationPlatforms) = preSolution
		Debug|Any CPU = Debug|Any CPU
		Release|Any CPU = Release|Any CPU
	EndGlobalSection
	GlobalSection(ProjectConfigurationPlatforms) = postSolution
		{3688C821-1F1D-4EA5-A00C-4680551C8585}.Debug|Any CPU.ActiveCfg = Debug|Any CPU
		{3688C821-1F1D-4EA5-A00C-4680551C8585}.Debug|Any CPU.Build.0 = Debug|Any CPU
		{3688C821-1F1D-4EA5-A00C-4680551C8585}.Release|Any CPU.ActiveCfg = Release|Any CPU
		{3688C821-1F1D-4EA5-A00C-4680551C8585}.Release|Any CPU.Build.0 = Release|Any CPU
		{F9020B5E-C910-4AC4-8E3C-09DC1A2D6C02}.Debug|Any CPU.ActiveCfg = Debug|Any CPU
		{F9020B5E-C910-4AC4-8E3C-09DC1A2D6C02}.Debug|Any CPU.Build.0 = Debug|Any CPU
		{F9020B5E-C910-4AC4-8E3C-09DC1A2D6C02}.Release|Any CPU.ActiveCfg = Release|Any CPU
		{F9020B5E-C910-4AC4-8E3C-09DC1A2D6C02}.Release|Any CPU.Build.0 = Release|Any CPU
	EndGlobalSection
	GlobalSection(SolutionProperties) = preSolution
		HideSolutionNode = FALSE
	EndGlobalSection
	GlobalSection(ExtensibilityGlobals) = postSolution
		SolutionGuid = {1623B673-AAF9-454F-BFD9-68CF8A8DAE46}
	EndGlobalSection
EndGlobal
